Microsoft Visual Studio Solution File, Format Version 11.00
# Visual Studio 2008

Project("{9BFCC2BD-CB55-D5C0-33FD-6168F58D1F26}") = "DUNDON", "Assembly-CSharp.csproj", "{1FD48CB3-F90A-1F59-332F-DECEFAFEF117}"
EndProject
Project("{9BFCC2BD-CB55-D5C0-33FD-6168F58D1F26}") = "DUNDON", "Assembly-CSharp-Editor.csproj", "{F8E0E16C-BBA5-DA9B-84E8-795AC61EA9E1}"
EndProject
Global
	GlobalSection(SolutionConfigurationPlatforms) = preSolution
		Debug|Any CPU = Debug|Any CPU
		Release|Any CPU = Release|Any CPU
	EndGlobalSection
	GlobalSection(ProjectConfigurationPlatforms) = postSolution
		{1FD48CB3-F90A-1F59-332F-DECEFAFEF117}.Debug|Any CPU.ActiveCfg = Debug|Any CPU
		{1FD48CB3-F90A-1F59-332F-DECEFAFEF117}.Debug|Any CPU.Build.0 = Debug|Any CPU
		{1FD48CB3-F90A-1F59-332F-DECEFAFEF117}.Release|Any CPU.ActiveCfg = Release|Any CPU
		{1FD48CB3-F90A-1F59-332F-DECEFAFEF117}.Release|Any CPU.Build.0 = Release|Any CPU
		{F8E0E16C-BBA5-DA9B-84E8-795AC61EA9E1}.Debug|Any CPU.ActiveCfg = Debug|Any CPU
		{F8E0E16C-BBA5-DA9B-84E8-795AC61EA9E1}.Debug|Any CPU.Build.0 = Debug|Any CPU
		{F8E0E16C-BBA5-DA9B-84E8-795AC61EA9E1}.Release|Any CPU.ActiveCfg = Release|Any CPU
		{F8E0E16C-BBA5-DA9B-84E8-795AC61EA9E1}.Release|Any CPU.Build.0 = Release|Any CPU
	EndGlobalSection
	GlobalSection(SolutionProperties) = preSolution
		HideSolutionNode = FALSE
	EndGlobalSection
																																																																																																													GlobalSection(MonoDevelopProperties) = preSolution
		StartupItem = Assembly-CSharp.csproj
		Policies = $0
		$0.TextStylePolicy = $1
		$1.inheritsSet = null
		$1.scope = text/x-csharp
		$0.CSharpFormattingPolicy = $2
		$2.inheritsSet = Mono
		$2.inheritsScope = text/x-csharp
		$2.scope = text/x-csharp
		$0.TextStylePolicy = $3
		$3.FileWidth = 120
		$3.TabWidth = 4
		$3.EolMarker = Unix
		$3.inheritsSet = Mono
		$3.inheritsScope = text/plain
		$3.scope = text/plain
	EndGlobalSection

EndGlobal
